
Microsoft Visual Studio Solution File, Format Version 12.00
# Visual Studio Version 16
VisualStudioVersion = 16.0.31005.135
MinimumVisualStudioVersion = 10.0.40219.1
Project("{9A19103F-16F7-4668-BE54-9A1E7A4F7556}") = "Api", "Api\Api.csproj", "{F5906382-23EA-4D33-AF5E-7A32365CC64B}"
EndProject
Project("{FAE04EC0-301F-11D3-BF4B-00C04F79EFBC}") = "Api.Tests", "Api.Tests\Api.Tests.csproj", "{F24EFF2E-58E6-42F6-AFAB-94000E21D581}"
EndProject
Project("{FAE04EC0-301F-11D3-BF4B-00C04F79EFBC}") = "Api.IntegrationTests", "Api.IntegrationTests\Api.IntegrationTests.csproj", "{05C2A5B0-943E-491D-80B7-CA8B9527FF36}"
EndProject
Global
	GlobalSection(SolutionConfigurationPlatforms) = preSolution
		Debug|Any CPU = Debug|Any CPU
		Release|Any CPU = Release|Any CPU
	EndGlobalSection
	GlobalSection(ProjectConfigurationPlatforms) = postSolution
		{F5906382-23EA-4D33-AF5E-7A32365CC64B}.Debug|Any CPU.ActiveCfg = Debug|Any CPU
		{F5906382-23EA-4D33-AF5E-7A32365CC64B}.Debug|Any CPU.Build.0 = Debug|Any CPU
		{F5906382-23EA-4D33-AF5E-7A32365CC64B}.Release|Any CPU.ActiveCfg = Release|Any CPU
		{F5906382-23EA-4D33-AF5E-7A32365CC64B}.Release|Any CPU.Build.0 = Release|Any CPU
		{F24EFF2E-58E6-42F6-AFAB-94000E21D581}.Debug|Any CPU.ActiveCfg = Debug|Any CPU
		{F24EFF2E-58E6-42F6-AFAB-94000E21D581}.Debug|Any CPU.Build.0 = Debug|Any CPU
		{F24EFF2E-58E6-42F6-AFAB-94000E21D581}.Release|Any CPU.ActiveCfg = Release|Any CPU
		{F24EFF2E-58E6-42F6-AFAB-94000E21D581}.Release|Any CPU.Build.0 = Release|Any CPU
		{05C2A5B0-943E-491D-80B7-CA8B9527FF36}.Debug|Any CPU.ActiveCfg = Debug|Any CPU
		{05C2A5B0-943E-491D-80B7-CA8B9527FF36}.Debug|Any CPU.Build.0 = Debug|Any CPU
		{05C2A5B0-943E-491D-80B7-CA8B9527FF36}.Release|Any CPU.ActiveCfg = Release|Any CPU
		{05C2A5B0-943E-491D-80B7-CA8B9527FF36}.Release|Any CPU.Build.0 = Release|Any CPU
	EndGlobalSection
	GlobalSection(SolutionProperties) = preSolution
		HideSolutionNode = FALSE
	EndGlobalSection
	GlobalSection(ExtensibilityGlobals) = postSolution
		SolutionGuid = {9E291318-FD1C-4573-9B86-5BB13BFF0676}
	EndGlobalSection
EndGlobal
